
Microsoft Visual Studio Solution File, Format Version 12.00
# Visual Studio Version 17
VisualStudioVersion = 17.4.33213.308
MinimumVisualStudioVersion = 10.0.40219.1
Project("{FAE04EC0-301F-11D3-BF4B-00C04F79EFBC}") = "TIIStarter", "TIIStarter\TIIStarter.csproj", "{B914DE1F-CB7D-44BB-B12F-C37B6EE0ADA8}"
EndProject
Project("{9A19103F-16F7-4668-BE54-9A1E7A4F7556}") = "ConfigurationRegistry", "ConfigurationRegistry\ConfigurationRegistry.csproj", "{289CD041-3965-4B2D-BA65-7268B0C88FAB}"
EndProject
Project("{9A19103F-16F7-4668-BE54-9A1E7A4F7556}") = "IConfigurationRegistry", "IConfigurationRegistry\IConfigurationRegistry.csproj", "{13B6EB2F-8C4F-4C89-947A-A63B5BFAB75D}"
EndProject
Project("{9A19103F-16F7-4668-BE54-9A1E7A4F7556}") = "EinsteinModels", "EinsteinModels\EinsteinModels.csproj", "{926EFA15-21DF-4B69-B979-BC02EA11F948}"
EndProject
Project("{9A19103F-16F7-4668-BE54-9A1E7A4F7556}") = "EinsteinProvider", "EinsteinProvider\EinsteinProvider.csproj", "{C02DE1BC-2AD5-4861-9E0A-6FA058CF681C}"
EndProject
Global
	GlobalSection(SolutionConfigurationPlatforms) = preSolution
		Debug|Any CPU = Debug|Any CPU
		Release|Any CPU = Release|Any CPU
	EndGlobalSection
	GlobalSection(ProjectConfigurationPlatforms) = postSolution
		{B914DE1F-CB7D-44BB-B12F-C37B6EE0ADA8}.Debug|Any CPU.ActiveCfg = Debug|Any CPU
		{B914DE1F-CB7D-44BB-B12F-C37B6EE0ADA8}.Debug|Any CPU.Build.0 = Debug|Any CPU
		{B914DE1F-CB7D-44BB-B12F-C37B6EE0ADA8}.Release|Any CPU.ActiveCfg = Release|Any CPU
		{B914DE1F-CB7D-44BB-B12F-C37B6EE0ADA8}.Release|Any CPU.Build.0 = Release|Any CPU
		{289CD041-3965-4B2D-BA65-7268B0C88FAB}.Debug|Any CPU.ActiveCfg = Debug|Any CPU
		{289CD041-3965-4B2D-BA65-7268B0C88FAB}.Debug|Any CPU.Build.0 = Debug|Any CPU
		{289CD041-3965-4B2D-BA65-7268B0C88FAB}.Release|Any CPU.ActiveCfg = Release|Any CPU
		{289CD041-3965-4B2D-BA65-7268B0C88FAB}.Release|Any CPU.Build.0 = Release|Any CPU
		{13B6EB2F-8C4F-4C89-947A-A63B5BFAB75D}.Debug|Any CPU.ActiveCfg = Debug|Any CPU
		{13B6EB2F-8C4F-4C89-947A-A63B5BFAB75D}.Debug|Any CPU.Build.0 = Debug|Any CPU
		{13B6EB2F-8C4F-4C89-947A-A63B5BFAB75D}.Release|Any CPU.ActiveCfg = Release|Any CPU
		{13B6EB2F-8C4F-4C89-947A-A63B5BFAB75D}.Release|Any CPU.Build.0 = Release|Any CPU
		{926EFA15-21DF-4B69-B979-BC02EA11F948}.Debug|Any CPU.ActiveCfg = Debug|Any CPU
		{926EFA15-21DF-4B69-B979-BC02EA11F948}.Debug|Any CPU.Build.0 = Debug|Any CPU
		{926EFA15-21DF-4B69-B979-BC02EA11F948}.Release|Any CPU.ActiveCfg = Release|Any CPU
		{926EFA15-21DF-4B69-B979-BC02EA11F948}.Release|Any CPU.Build.0 = Release|Any CPU
		{C02DE1BC-2AD5-4861-9E0A-6FA058CF681C}.Debug|Any CPU.ActiveCfg = Debug|Any CPU
		{C02DE1BC-2AD5-4861-9E0A-6FA058CF681C}.Debug|Any CPU.Build.0 = Debug|Any CPU
		{C02DE1BC-2AD5-4861-9E0A-6FA058CF681C}.Release|Any CPU.ActiveCfg = Release|Any CPU
		{C02DE1BC-2AD5-4861-9E0A-6FA058CF681C}.Release|Any CPU.Build.0 = Release|Any CPU
	EndGlobalSection
	GlobalSection(SolutionProperties) = preSolution
		HideSolutionNode = FALSE
	EndGlobalSection
	GlobalSection(ExtensibilityGlobals) = postSolution
		SolutionGuid = {CEC852F3-30BC-45DB-8279-7ACDD20024EB}
	EndGlobalSection
EndGlobal
